
Microsoft Visual Studio Solution File, Format Version 12.00
# Visual Studio Version 16
VisualStudioVersion = 16.0.29613.14
MinimumVisualStudioVersion = 10.0.40219.1
Project("{9A19103F-16F7-4668-BE54-9A1E7A4F7556}") = "Canducci.Zip", "Canducci.Zip\Canducci.Zip.csproj", "{0A9DB7DC-2880-4683-9FA4-9690917ACE7D}"
EndProject
Project("{2150E333-8FDC-42A3-9474-1A3956D46DE8}") = "Solution Items", "Solution Items", "{5C4393D3-531D-4383-A0C5-2E177A31AD9D}"
	ProjectSection(SolutionItems) = preProject
		.travis.yml = .travis.yml
		methods.txt = methods.txt
		README.md = README.md
		SECURITY.md = SECURITY.md
	EndProjectSection
EndProject
Project("{9A19103F-16F7-4668-BE54-9A1E7A4F7556}") = "Canducci.Zip.MSTest", "Canducci.Zip.MSTest\Canducci.Zip.MSTest.csproj", "{F83FB0D4-FC0F-4E3A-9F20-F6EE7DAAA127}"
EndProject
Project("{9A19103F-16F7-4668-BE54-9A1E7A4F7556}") = "Canducci.Zip.Mvc", "Canducci.Zip.Mvc\Canducci.Zip.Mvc.csproj", "{AE8AAEC1-8BCD-4871-82CB-BDD6C12819EE}"
EndProject
Project("{9A19103F-16F7-4668-BE54-9A1E7A4F7556}") = "WebAppTest", "WebAppTest\WebAppTest.csproj", "{D2861D45-421F-4AFE-B1D3-6A0CEEF80E96}"
EndProject
Global
	GlobalSection(SolutionConfigurationPlatforms) = preSolution
		Debug|Any CPU = Debug|Any CPU
		Release|Any CPU = Release|Any CPU
	EndGlobalSection
	GlobalSection(ProjectConfigurationPlatforms) = postSolution
		{0A9DB7DC-2880-4683-9FA4-9690917ACE7D}.Debug|Any CPU.ActiveCfg = Debug|Any CPU
		{0A9DB7DC-2880-4683-9FA4-9690917ACE7D}.Debug|Any CPU.Build.0 = Debug|Any CPU
		{0A9DB7DC-2880-4683-9FA4-9690917ACE7D}.Release|Any CPU.ActiveCfg = Release|Any CPU
		{0A9DB7DC-2880-4683-9FA4-9690917ACE7D}.Release|Any CPU.Build.0 = Release|Any CPU
		{F83FB0D4-FC0F-4E3A-9F20-F6EE7DAAA127}.Debug|Any CPU.ActiveCfg = Debug|Any CPU
		{F83FB0D4-FC0F-4E3A-9F20-F6EE7DAAA127}.Debug|Any CPU.Build.0 = Debug|Any CPU
		{F83FB0D4-FC0F-4E3A-9F20-F6EE7DAAA127}.Release|Any CPU.ActiveCfg = Release|Any CPU
		{F83FB0D4-FC0F-4E3A-9F20-F6EE7DAAA127}.Release|Any CPU.Build.0 = Release|Any CPU
		{AE8AAEC1-8BCD-4871-82CB-BDD6C12819EE}.Debug|Any CPU.ActiveCfg = Debug|Any CPU
		{AE8AAEC1-8BCD-4871-82CB-BDD6C12819EE}.Debug|Any CPU.Build.0 = Debug|Any CPU
		{AE8AAEC1-8BCD-4871-82CB-BDD6C12819EE}.Release|Any CPU.ActiveCfg = Release|Any CPU
		{AE8AAEC1-8BCD-4871-82CB-BDD6C12819EE}.Release|Any CPU.Build.0 = Release|Any CPU
		{D2861D45-421F-4AFE-B1D3-6A0CEEF80E96}.Debug|Any CPU.ActiveCfg = Debug|Any CPU
		{D2861D45-421F-4AFE-B1D3-6A0CEEF80E96}.Debug|Any CPU.Build.0 = Debug|Any CPU
		{D2861D45-421F-4AFE-B1D3-6A0CEEF80E96}.Release|Any CPU.ActiveCfg = Release|Any CPU
		{D2861D45-421F-4AFE-B1D3-6A0CEEF80E96}.Release|Any CPU.Build.0 = Release|Any CPU
	EndGlobalSection
	GlobalSection(SolutionProperties) = preSolution
		HideSolutionNode = FALSE
	EndGlobalSection
	GlobalSection(ExtensibilityGlobals) = postSolution
		SolutionGuid = {C49BEF95-80B5-408F-8E5C-89CF27E74FC6}
	EndGlobalSection
EndGlobal
