
Microsoft Visual Studio Solution File, Format Version 12.00
# Visual Studio 15
VisualStudioVersion = 15.0.27428.2005
MinimumVisualStudioVersion = 10.0.40219.1
Project("{9A19103F-16F7-4668-BE54-9A1E7A4F7556}") = "Canducci.Zip", "Canducci.Zip\Canducci.Zip.csproj", "{0A9DB7DC-2880-4683-9FA4-9690917ACE7D}"
EndProject
Project("{FAE04EC0-301F-11D3-BF4B-00C04F79EFBC}") = "Canducci.Zip.Test", "Canducci.Zip.Test\Canducci.Zip.Test.csproj", "{BFE5A4FD-BDA2-4F70-A280-EF6D2ADEC5B5}"
EndProject
Project("{FAE04EC0-301F-11D3-BF4B-00C04F79EFBC}") = "Canducci.Zip.ConsoleApp4_0", "Canducci.Zip.ConsoleApp4_0\Canducci.Zip.ConsoleApp4_0.csproj", "{E453333D-F501-4110-A855-51749E603ED9}"
EndProject
Project("{FAE04EC0-301F-11D3-BF4B-00C04F79EFBC}") = "Canducci.Zip.WebSiteApiAngular", "Canducci.Zip.WebSiteApiAngular\Canducci.Zip.WebSiteApiAngular.csproj", "{D2110823-BD5B-4D50-B7FE-7FF5247AA626}"
EndProject
Global
	GlobalSection(SolutionConfigurationPlatforms) = preSolution
		Debug|Any CPU = Debug|Any CPU
		Release|Any CPU = Release|Any CPU
	EndGlobalSection
	GlobalSection(ProjectConfigurationPlatforms) = postSolution
		{0A9DB7DC-2880-4683-9FA4-9690917ACE7D}.Debug|Any CPU.ActiveCfg = Debug|Any CPU
		{0A9DB7DC-2880-4683-9FA4-9690917ACE7D}.Debug|Any CPU.Build.0 = Debug|Any CPU
		{0A9DB7DC-2880-4683-9FA4-9690917ACE7D}.Release|Any CPU.ActiveCfg = Release|Any CPU
		{0A9DB7DC-2880-4683-9FA4-9690917ACE7D}.Release|Any CPU.Build.0 = Release|Any CPU
		{BFE5A4FD-BDA2-4F70-A280-EF6D2ADEC5B5}.Debug|Any CPU.ActiveCfg = Debug|Any CPU
		{BFE5A4FD-BDA2-4F70-A280-EF6D2ADEC5B5}.Debug|Any CPU.Build.0 = Debug|Any CPU
		{BFE5A4FD-BDA2-4F70-A280-EF6D2ADEC5B5}.Release|Any CPU.ActiveCfg = Release|Any CPU
		{BFE5A4FD-BDA2-4F70-A280-EF6D2ADEC5B5}.Release|Any CPU.Build.0 = Release|Any CPU
		{E453333D-F501-4110-A855-51749E603ED9}.Debug|Any CPU.ActiveCfg = Debug|Any CPU
		{E453333D-F501-4110-A855-51749E603ED9}.Debug|Any CPU.Build.0 = Debug|Any CPU
		{E453333D-F501-4110-A855-51749E603ED9}.Release|Any CPU.ActiveCfg = Release|Any CPU
		{E453333D-F501-4110-A855-51749E603ED9}.Release|Any CPU.Build.0 = Release|Any CPU
		{D2110823-BD5B-4D50-B7FE-7FF5247AA626}.Debug|Any CPU.ActiveCfg = Debug|Any CPU
		{D2110823-BD5B-4D50-B7FE-7FF5247AA626}.Debug|Any CPU.Build.0 = Debug|Any CPU
		{D2110823-BD5B-4D50-B7FE-7FF5247AA626}.Release|Any CPU.ActiveCfg = Release|Any CPU
		{D2110823-BD5B-4D50-B7FE-7FF5247AA626}.Release|Any CPU.Build.0 = Release|Any CPU
	EndGlobalSection
	GlobalSection(SolutionProperties) = preSolution
		HideSolutionNode = FALSE
	EndGlobalSection
	GlobalSection(ExtensibilityGlobals) = postSolution
		SolutionGuid = {C49BEF95-80B5-408F-8E5C-89CF27E74FC6}
	EndGlobalSection
EndGlobal
